
Microsoft Visual Studio Solution File, Format Version 11.00
# Visual Studio 2010
Project("{FAE04EC0-301F-11D3-BF4B-00C04F79EFBC}") = "DBUBTransfer", "DBUBTransfer\DBUBTransfer.csproj", "{151DE3F1-2E8E-4604-9C1D-91622DB2A88B}"
EndProject
Project("{FAE04EC0-301F-11D3-BF4B-00C04F79EFBC}") = "MSDAO", "DAO\MSDAO.csproj", "{E40883B4-5BEE-45B5-B2EC-C949081F6A64}"
EndProject
Project("{54435603-DBB4-11D2-8724-00A0C9A8B90C}") = "DBUBSetup", "DBUBSetup\DBUBSetup.vdproj", "{5CB7175F-789A-41EC-BACF-3CB09EB1F6A6}"
EndProject
Global
	GlobalSection(SolutionConfigurationPlatforms) = preSolution
		Debug|Any CPU = Debug|Any CPU
		Debug|Mixed Platforms = Debug|Mixed Platforms
		Debug|x86 = Debug|x86
		Release|Any CPU = Release|Any CPU
		Release|Mixed Platforms = Release|Mixed Platforms
		Release|x86 = Release|x86
	EndGlobalSection
	GlobalSection(ProjectConfigurationPlatforms) = postSolution
		{151DE3F1-2E8E-4604-9C1D-91622DB2A88B}.Debug|Any CPU.ActiveCfg = Debug|x86
		{151DE3F1-2E8E-4604-9C1D-91622DB2A88B}.Debug|Mixed Platforms.ActiveCfg = Debug|x86
		{151DE3F1-2E8E-4604-9C1D-91622DB2A88B}.Debug|Mixed Platforms.Build.0 = Debug|x86
		{151DE3F1-2E8E-4604-9C1D-91622DB2A88B}.Debug|x86.ActiveCfg = Debug|x86
		{151DE3F1-2E8E-4604-9C1D-91622DB2A88B}.Debug|x86.Build.0 = Debug|x86
		{151DE3F1-2E8E-4604-9C1D-91622DB2A88B}.Release|Any CPU.ActiveCfg = Release|x86
		{151DE3F1-2E8E-4604-9C1D-91622DB2A88B}.Release|Mixed Platforms.ActiveCfg = Release|x86
		{151DE3F1-2E8E-4604-9C1D-91622DB2A88B}.Release|Mixed Platforms.Build.0 = Release|x86
		{151DE3F1-2E8E-4604-9C1D-91622DB2A88B}.Release|x86.ActiveCfg = Release|x86
		{151DE3F1-2E8E-4604-9C1D-91622DB2A88B}.Release|x86.Build.0 = Release|x86
		{E40883B4-5BEE-45B5-B2EC-C949081F6A64}.Debug|Any CPU.ActiveCfg = Debug|Any CPU
		{E40883B4-5BEE-45B5-B2EC-C949081F6A64}.Debug|Any CPU.Build.0 = Debug|Any CPU
		{E40883B4-5BEE-45B5-B2EC-C949081F6A64}.Debug|Mixed Platforms.ActiveCfg = Debug|Any CPU
		{E40883B4-5BEE-45B5-B2EC-C949081F6A64}.Debug|Mixed Platforms.Build.0 = Debug|Any CPU
		{E40883B4-5BEE-45B5-B2EC-C949081F6A64}.Debug|x86.ActiveCfg = Debug|Any CPU
		{E40883B4-5BEE-45B5-B2EC-C949081F6A64}.Release|Any CPU.ActiveCfg = Release|Any CPU
		{E40883B4-5BEE-45B5-B2EC-C949081F6A64}.Release|Any CPU.Build.0 = Release|Any CPU
		{E40883B4-5BEE-45B5-B2EC-C949081F6A64}.Release|Mixed Platforms.ActiveCfg = Release|Any CPU
		{E40883B4-5BEE-45B5-B2EC-C949081F6A64}.Release|Mixed Platforms.Build.0 = Release|Any CPU
		{E40883B4-5BEE-45B5-B2EC-C949081F6A64}.Release|x86.ActiveCfg = Release|Any CPU
		{5CB7175F-789A-41EC-BACF-3CB09EB1F6A6}.Debug|Any CPU.ActiveCfg = Debug
		{5CB7175F-789A-41EC-BACF-3CB09EB1F6A6}.Debug|Any CPU.Build.0 = Debug
		{5CB7175F-789A-41EC-BACF-3CB09EB1F6A6}.Debug|Mixed Platforms.ActiveCfg = Debug
		{5CB7175F-789A-41EC-BACF-3CB09EB1F6A6}.Debug|Mixed Platforms.Build.0 = Debug
		{5CB7175F-789A-41EC-BACF-3CB09EB1F6A6}.Debug|x86.ActiveCfg = Debug
		{5CB7175F-789A-41EC-BACF-3CB09EB1F6A6}.Debug|x86.Build.0 = Debug
		{5CB7175F-789A-41EC-BACF-3CB09EB1F6A6}.Release|Any CPU.ActiveCfg = Release
		{5CB7175F-789A-41EC-BACF-3CB09EB1F6A6}.Release|Any CPU.Build.0 = Release
		{5CB7175F-789A-41EC-BACF-3CB09EB1F6A6}.Release|Mixed Platforms.ActiveCfg = Release
		{5CB7175F-789A-41EC-BACF-3CB09EB1F6A6}.Release|Mixed Platforms.Build.0 = Release
		{5CB7175F-789A-41EC-BACF-3CB09EB1F6A6}.Release|x86.ActiveCfg = Release
		{5CB7175F-789A-41EC-BACF-3CB09EB1F6A6}.Release|x86.Build.0 = Release
	EndGlobalSection
	GlobalSection(SolutionProperties) = preSolution
		HideSolutionNode = FALSE
	EndGlobalSection
EndGlobal
